
Microsoft Visual Studio Solution File, Format Version 12.00
# Visual Studio Version 16
VisualStudioVersion = 16.0.31702.278
MinimumVisualStudioVersion = 10.0.40219.1
Project("{8BC9CEB8-8B4A-11D0-8D11-00A0C91BC942}") = "Words", "Project1\Project1.vcxproj", "{C881FC0F-7CB8-42EF-B3A0-07A75E8D4BC6}"
EndProject
Project("{8BC9CEB8-8B4A-11D0-8D11-00A0C91BC942}") = "Lab 7.14", "Lab 7.14\Lab 7.14.vcxproj", "{CA32FD58-E1FA-4993-AD0C-F9A5716BCC4D}"
EndProject
Project("{8BC9CEB8-8B4A-11D0-8D11-00A0C91BC942}") = "Lab 9.14", "Lab 9.14\Lab 9.14.vcxproj", "{6BEA345B-DCD6-4B2B-8961-558C8CAD056D}"
EndProject
Project("{8BC9CEB8-8B4A-11D0-8D11-00A0C91BC942}") = "Lab 11.14", "Lab 11.14\Lab 11.14.vcxproj", "{8B8E6E69-CBB7-4F26-B0BB-C9862A13A467}"
EndProject
Project("{8BC9CEB8-8B4A-11D0-8D11-00A0C91BC942}") = "Lab 10.14", "Lab 6.14\Lab 6.14.vcxproj", "{0E0ACF81-9333-47F5-BB53-6E2DA6CCB411}"
EndProject
Project("{8BC9CEB8-8B4A-11D0-8D11-00A0C91BC942}") = "Sort1", "Sort1\Sort1.vcxproj", "{FC2F5D6E-D201-4E8A-A430-DB99B56CE77E}"
EndProject
Project("{8BC9CEB8-8B4A-11D0-8D11-00A0C91BC942}") = "Sort 2", "Sort 2\Sort 2.vcxproj", "{4AD78276-969B-4D87-930C-44030C777EE9}"
EndProject
Project("{8BC9CEB8-8B4A-11D0-8D11-00A0C91BC942}") = "Sort3", "Sort3\Sort3.vcxproj", "{48B3AB57-4E36-4457-8CED-03F1860BAA02}"
EndProject
Project("{8BC9CEB8-8B4A-11D0-8D11-00A0C91BC942}") = "CardGame", "CardGame\CardGame.vcxproj", "{13E86C4E-3AE4-4FFD-9AEB-8E53ED505C08}"
EndProject
Project("{8BC9CEB8-8B4A-11D0-8D11-00A0C91BC942}") = "Literature", "Literature\Literature.vcxproj", "{21E1AADB-385B-4F9C-9CB8-BEA75AE2099A}"
EndProject
Project("{8BC9CEB8-8B4A-11D0-8D11-00A0C91BC942}") = "Train", "Train\Train.vcxproj", "{ABC2BA39-C994-4297-A2B2-C251BBE897B3}"
EndProject
Project("{8BC9CEB8-8B4A-11D0-8D11-00A0C91BC942}") = "ConsoleApplication2", "ConsoleApplication2\ConsoleApplication2.vcxproj", "{E11C1551-39AC-4A0F-9DF3-8F320FF1159E}"
EndProject
Project("{8BC9CEB8-8B4A-11D0-8D11-00A0C91BC942}") = "ConsoleApplication3", "ConsoleApplication3\ConsoleApplication3.vcxproj", "{8BD85653-B208-41BD-B229-0FEFAAD0B8B3}"
EndProject
Project("{8BC9CEB8-8B4A-11D0-8D11-00A0C91BC942}") = "Credit", "Credit\Credit.vcxproj", "{2629E2CB-DC26-4269-A625-596F60C7ABFA}"
EndProject
Project("{8BC9CEB8-8B4A-11D0-8D11-00A0C91BC942}") = "List", "List\List.vcxproj", "{CFD17E20-30D7-4AF9-9FC3-374115018723}"
EndProject
Project("{8BC9CEB8-8B4A-11D0-8D11-00A0C91BC942}") = "List 2", "List 2\List 2.vcxproj", "{535D4C07-66D4-480E-B132-559DE5ED8911}"
EndProject
Project("{8BC9CEB8-8B4A-11D0-8D11-00A0C91BC942}") = "Tree 1", "Tree 1\Tree 1.vcxproj", "{CC9D4B20-C64D-4EB7-A1AC-C5942E891E3B}"
EndProject
Project("{8BC9CEB8-8B4A-11D0-8D11-00A0C91BC942}") = "Tree 2", "Tree 2\Tree 2.vcxproj", "{F337ABF9-98FE-448B-AB7A-2889BD25A836}"
EndProject
Project("{8BC9CEB8-8B4A-11D0-8D11-00A0C91BC942}") = "tree easy", "tree easy\tree easy.vcxproj", "{F941F2D0-7531-4255-B448-72FB6D151647}"
EndProject
Global
	GlobalSection(SolutionConfigurationPlatforms) = preSolution
		Debug|x64 = Debug|x64
		Debug|x86 = Debug|x86
		Release|x64 = Release|x64
		Release|x86 = Release|x86
	EndGlobalSection
	GlobalSection(ProjectConfigurationPlatforms) = postSolution
		{C881FC0F-7CB8-42EF-B3A0-07A75E8D4BC6}.Debug|x64.ActiveCfg = Debug|x64
		{C881FC0F-7CB8-42EF-B3A0-07A75E8D4BC6}.Debug|x64.Build.0 = Debug|x64
		{C881FC0F-7CB8-42EF-B3A0-07A75E8D4BC6}.Debug|x86.ActiveCfg = Debug|Win32
		{C881FC0F-7CB8-42EF-B3A0-07A75E8D4BC6}.Debug|x86.Build.0 = Debug|Win32
		{C881FC0F-7CB8-42EF-B3A0-07A75E8D4BC6}.Release|x64.ActiveCfg = Release|x64
		{C881FC0F-7CB8-42EF-B3A0-07A75E8D4BC6}.Release|x64.Build.0 = Release|x64
		{C881FC0F-7CB8-42EF-B3A0-07A75E8D4BC6}.Release|x86.ActiveCfg = Release|Win32
		{C881FC0F-7CB8-42EF-B3A0-07A75E8D4BC6}.Release|x86.Build.0 = Release|Win32
		{CA32FD58-E1FA-4993-AD0C-F9A5716BCC4D}.Debug|x64.ActiveCfg = Debug|x64
		{CA32FD58-E1FA-4993-AD0C-F9A5716BCC4D}.Debug|x64.Build.0 = Debug|x64
		{CA32FD58-E1FA-4993-AD0C-F9A5716BCC4D}.Debug|x86.ActiveCfg = Debug|Win32
		{CA32FD58-E1FA-4993-AD0C-F9A5716BCC4D}.Debug|x86.Build.0 = Debug|Win32
		{CA32FD58-E1FA-4993-AD0C-F9A5716BCC4D}.Release|x64.ActiveCfg = Release|x64
		{CA32FD58-E1FA-4993-AD0C-F9A5716BCC4D}.Release|x64.Build.0 = Release|x64
		{CA32FD58-E1FA-4993-AD0C-F9A5716BCC4D}.Release|x86.ActiveCfg = Release|Win32
		{CA32FD58-E1FA-4993-AD0C-F9A5716BCC4D}.Release|x86.Build.0 = Release|Win32
		{6BEA345B-DCD6-4B2B-8961-558C8CAD056D}.Debug|x64.ActiveCfg = Debug|x64
		{6BEA345B-DCD6-4B2B-8961-558C8CAD056D}.Debug|x64.Build.0 = Debug|x64
		{6BEA345B-DCD6-4B2B-8961-558C8CAD056D}.Debug|x86.ActiveCfg = Debug|Win32
		{6BEA345B-DCD6-4B2B-8961-558C8CAD056D}.Debug|x86.Build.0 = Debug|Win32
		{6BEA345B-DCD6-4B2B-8961-558C8CAD056D}.Release|x64.ActiveCfg = Release|x64
		{6BEA345B-DCD6-4B2B-8961-558C8CAD056D}.Release|x64.Build.0 = Release|x64
		{6BEA345B-DCD6-4B2B-8961-558C8CAD056D}.Release|x86.ActiveCfg = Release|Win32
		{6BEA345B-DCD6-4B2B-8961-558C8CAD056D}.Release|x86.Build.0 = Release|Win32
		{8B8E6E69-CBB7-4F26-B0BB-C9862A13A467}.Debug|x64.ActiveCfg = Debug|x64
		{8B8E6E69-CBB7-4F26-B0BB-C9862A13A467}.Debug|x64.Build.0 = Debug|x64
		{8B8E6E69-CBB7-4F26-B0BB-C9862A13A467}.Debug|x86.ActiveCfg = Debug|Win32
		{8B8E6E69-CBB7-4F26-B0BB-C9862A13A467}.Debug|x86.Build.0 = Debug|Win32
		{8B8E6E69-CBB7-4F26-B0BB-C9862A13A467}.Release|x64.ActiveCfg = Release|x64
		{8B8E6E69-CBB7-4F26-B0BB-C9862A13A467}.Release|x64.Build.0 = Release|x64
		{8B8E6E69-CBB7-4F26-B0BB-C9862A13A467}.Release|x86.ActiveCfg = Release|Win32
		{8B8E6E69-CBB7-4F26-B0BB-C9862A13A467}.Release|x86.Build.0 = Release|Win32
		{0E0ACF81-9333-47F5-BB53-6E2DA6CCB411}.Debug|x64.ActiveCfg = Debug|x64
		{0E0ACF81-9333-47F5-BB53-6E2DA6CCB411}.Debug|x64.Build.0 = Debug|x64
		{0E0ACF81-9333-47F5-BB53-6E2DA6CCB411}.Debug|x86.ActiveCfg = Debug|Win32
		{0E0ACF81-9333-47F5-BB53-6E2DA6CCB411}.Debug|x86.Build.0 = Debug|Win32
		{0E0ACF81-9333-47F5-BB53-6E2DA6CCB411}.Release|x64.ActiveCfg = Release|x64
		{0E0ACF81-9333-47F5-BB53-6E2DA6CCB411}.Release|x64.Build.0 = Release|x64
		{0E0ACF81-9333-47F5-BB53-6E2DA6CCB411}.Release|x86.ActiveCfg = Release|Win32
		{0E0ACF81-9333-47F5-BB53-6E2DA6CCB411}.Release|x86.Build.0 = Release|Win32
		{FC2F5D6E-D201-4E8A-A430-DB99B56CE77E}.Debug|x64.ActiveCfg = Debug|x64
		{FC2F5D6E-D201-4E8A-A430-DB99B56CE77E}.Debug|x64.Build.0 = Debug|x64
		{FC2F5D6E-D201-4E8A-A430-DB99B56CE77E}.Debug|x86.ActiveCfg = Debug|Win32
		{FC2F5D6E-D201-4E8A-A430-DB99B56CE77E}.Debug|x86.Build.0 = Debug|Win32
		{FC2F5D6E-D201-4E8A-A430-DB99B56CE77E}.Release|x64.ActiveCfg = Release|x64
		{FC2F5D6E-D201-4E8A-A430-DB99B56CE77E}.Release|x64.Build.0 = Release|x64
		{FC2F5D6E-D201-4E8A-A430-DB99B56CE77E}.Release|x86.ActiveCfg = Release|Win32
		{FC2F5D6E-D201-4E8A-A430-DB99B56CE77E}.Release|x86.Build.0 = Release|Win32
		{4AD78276-969B-4D87-930C-44030C777EE9}.Debug|x64.ActiveCfg = Debug|x64
		{4AD78276-969B-4D87-930C-44030C777EE9}.Debug|x64.Build.0 = Debug|x64
		{4AD78276-969B-4D87-930C-44030C777EE9}.Debug|x86.ActiveCfg = Debug|Win32
		{4AD78276-969B-4D87-930C-44030C777EE9}.Debug|x86.Build.0 = Debug|Win32
		{4AD78276-969B-4D87-930C-44030C777EE9}.Release|x64.ActiveCfg = Release|x64
		{4AD78276-969B-4D87-930C-44030C777EE9}.Release|x64.Build.0 = Release|x64
		{4AD78276-969B-4D87-930C-44030C777EE9}.Release|x86.ActiveCfg = Release|Win32
		{4AD78276-969B-4D87-930C-44030C777EE9}.Release|x86.Build.0 = Release|Win32
		{48B3AB57-4E36-4457-8CED-03F1860BAA02}.Debug|x64.ActiveCfg = Debug|x64
		{48B3AB57-4E36-4457-8CED-03F1860BAA02}.Debug|x64.Build.0 = Debug|x64
		{48B3AB57-4E36-4457-8CED-03F1860BAA02}.Debug|x86.ActiveCfg = Debug|Win32
		{48B3AB57-4E36-4457-8CED-03F1860BAA02}.Debug|x86.Build.0 = Debug|Win32
		{48B3AB57-4E36-4457-8CED-03F1860BAA02}.Release|x64.ActiveCfg = Release|x64
		{48B3AB57-4E36-4457-8CED-03F1860BAA02}.Release|x64.Build.0 = Release|x64
		{48B3AB57-4E36-4457-8CED-03F1860BAA02}.Release|x86.ActiveCfg = Release|Win32
		{48B3AB57-4E36-4457-8CED-03F1860BAA02}.Release|x86.Build.0 = Release|Win32
		{13E86C4E-3AE4-4FFD-9AEB-8E53ED505C08}.Debug|x64.ActiveCfg = Debug|x64
		{13E86C4E-3AE4-4FFD-9AEB-8E53ED505C08}.Debug|x64.Build.0 = Debug|x64
		{13E86C4E-3AE4-4FFD-9AEB-8E53ED505C08}.Debug|x86.ActiveCfg = Debug|Win32
		{13E86C4E-3AE4-4FFD-9AEB-8E53ED505C08}.Debug|x86.Build.0 = Debug|Win32
		{13E86C4E-3AE4-4FFD-9AEB-8E53ED505C08}.Release|x64.ActiveCfg = Release|x64
		{13E86C4E-3AE4-4FFD-9AEB-8E53ED505C08}.Release|x64.Build.0 = Release|x64
		{13E86C4E-3AE4-4FFD-9AEB-8E53ED505C08}.Release|x86.ActiveCfg = Release|Win32
		{13E86C4E-3AE4-4FFD-9AEB-8E53ED505C08}.Release|x86.Build.0 = Release|Win32
		{21E1AADB-385B-4F9C-9CB8-BEA75AE2099A}.Debug|x64.ActiveCfg = Debug|x64
		{21E1AADB-385B-4F9C-9CB8-BEA75AE2099A}.Debug|x64.Build.0 = Debug|x64
		{21E1AADB-385B-4F9C-9CB8-BEA75AE2099A}.Debug|x86.ActiveCfg = Debug|Win32
		{21E1AADB-385B-4F9C-9CB8-BEA75AE2099A}.Debug|x86.Build.0 = Debug|Win32
		{21E1AADB-385B-4F9C-9CB8-BEA75AE2099A}.Release|x64.ActiveCfg = Release|x64
		{21E1AADB-385B-4F9C-9CB8-BEA75AE2099A}.Release|x64.Build.0 = Release|x64
		{21E1AADB-385B-4F9C-9CB8-BEA75AE2099A}.Release|x86.ActiveCfg = Release|Win32
		{21E1AADB-385B-4F9C-9CB8-BEA75AE2099A}.Release|x86.Build.0 = Release|Win32
		{ABC2BA39-C994-4297-A2B2-C251BBE897B3}.Debug|x64.ActiveCfg = Debug|x64
		{ABC2BA39-C994-4297-A2B2-C251BBE897B3}.Debug|x64.Build.0 = Debug|x64
		{ABC2BA39-C994-4297-A2B2-C251BBE897B3}.Debug|x86.ActiveCfg = Debug|Win32
		{ABC2BA39-C994-4297-A2B2-C251BBE897B3}.Debug|x86.Build.0 = Debug|Win32
		{ABC2BA39-C994-4297-A2B2-C251BBE897B3}.Release|x64.ActiveCfg = Release|x64
		{ABC2BA39-C994-4297-A2B2-C251BBE897B3}.Release|x64.Build.0 = Release|x64
		{ABC2BA39-C994-4297-A2B2-C251BBE897B3}.Release|x86.ActiveCfg = Release|Win32
		{ABC2BA39-C994-4297-A2B2-C251BBE897B3}.Release|x86.Build.0 = Release|Win32
		{E11C1551-39AC-4A0F-9DF3-8F320FF1159E}.Debug|x64.ActiveCfg = Debug|x64
		{E11C1551-39AC-4A0F-9DF3-8F320FF1159E}.Debug|x64.Build.0 = Debug|x64
		{E11C1551-39AC-4A0F-9DF3-8F320FF1159E}.Debug|x86.ActiveCfg = Debug|Win32
		{E11C1551-39AC-4A0F-9DF3-8F320FF1159E}.Debug|x86.Build.0 = Debug|Win32
		{E11C1551-39AC-4A0F-9DF3-8F320FF1159E}.Release|x64.ActiveCfg = Release|x64
		{E11C1551-39AC-4A0F-9DF3-8F320FF1159E}.Release|x64.Build.0 = Release|x64
		{E11C1551-39AC-4A0F-9DF3-8F320FF1159E}.Release|x86.ActiveCfg = Release|Win32
		{E11C1551-39AC-4A0F-9DF3-8F320FF1159E}.Release|x86.Build.0 = Release|Win32
		{8BD85653-B208-41BD-B229-0FEFAAD0B8B3}.Debug|x64.ActiveCfg = Debug|x64
		{8BD85653-B208-41BD-B229-0FEFAAD0B8B3}.Debug|x64.Build.0 = Debug|x64
		{8BD85653-B208-41BD-B229-0FEFAAD0B8B3}.Debug|x86.ActiveCfg = Debug|Win32
		{8BD85653-B208-41BD-B229-0FEFAAD0B8B3}.Debug|x86.Build.0 = Debug|Win32
		{8BD85653-B208-41BD-B229-0FEFAAD0B8B3}.Release|x64.ActiveCfg = Release|x64
		{8BD85653-B208-41BD-B229-0FEFAAD0B8B3}.Release|x64.Build.0 = Release|x64
		{8BD85653-B208-41BD-B229-0FEFAAD0B8B3}.Release|x86.ActiveCfg = Release|Win32
		{8BD85653-B208-41BD-B229-0FEFAAD0B8B3}.Release|x86.Build.0 = Release|Win32
		{2629E2CB-DC26-4269-A625-596F60C7ABFA}.Debug|x64.ActiveCfg = Debug|x64
		{2629E2CB-DC26-4269-A625-596F60C7ABFA}.Debug|x64.Build.0 = Debug|x64
		{2629E2CB-DC26-4269-A625-596F60C7ABFA}.Debug|x86.ActiveCfg = Debug|Win32
		{2629E2CB-DC26-4269-A625-596F60C7ABFA}.Debug|x86.Build.0 = Debug|Win32
		{2629E2CB-DC26-4269-A625-596F60C7ABFA}.Release|x64.ActiveCfg = Release|x64
		{2629E2CB-DC26-4269-A625-596F60C7ABFA}.Release|x64.Build.0 = Release|x64
		{2629E2CB-DC26-4269-A625-596F60C7ABFA}.Release|x86.ActiveCfg = Release|Win32
		{2629E2CB-DC26-4269-A625-596F60C7ABFA}.Release|x86.Build.0 = Release|Win32
		{CFD17E20-30D7-4AF9-9FC3-374115018723}.Debug|x64.ActiveCfg = Debug|x64
		{CFD17E20-30D7-4AF9-9FC3-374115018723}.Debug|x64.Build.0 = Debug|x64
		{CFD17E20-30D7-4AF9-9FC3-374115018723}.Debug|x86.ActiveCfg = Debug|Win32
		{CFD17E20-30D7-4AF9-9FC3-374115018723}.Debug|x86.Build.0 = Debug|Win32
		{CFD17E20-30D7-4AF9-9FC3-374115018723}.Release|x64.ActiveCfg = Release|x64
		{CFD17E20-30D7-4AF9-9FC3-374115018723}.Release|x64.Build.0 = Release|x64
		{CFD17E20-30D7-4AF9-9FC3-374115018723}.Release|x86.ActiveCfg = Release|Win32
		{CFD17E20-30D7-4AF9-9FC3-374115018723}.Release|x86.Build.0 = Release|Win32
		{535D4C07-66D4-480E-B132-559DE5ED8911}.Debug|x64.ActiveCfg = Debug|x64
		{535D4C07-66D4-480E-B132-559DE5ED8911}.Debug|x64.Build.0 = Debug|x64
		{535D4C07-66D4-480E-B132-559DE5ED8911}.Debug|x86.ActiveCfg = Debug|Win32
		{535D4C07-66D4-480E-B132-559DE5ED8911}.Debug|x86.Build.0 = Debug|Win32
		{535D4C07-66D4-480E-B132-559DE5ED8911}.Release|x64.ActiveCfg = Release|x64
		{535D4C07-66D4-480E-B132-559DE5ED8911}.Release|x64.Build.0 = Release|x64
		{535D4C07-66D4-480E-B132-559DE5ED8911}.Release|x86.ActiveCfg = Release|Win32
		{535D4C07-66D4-480E-B132-559DE5ED8911}.Release|x86.Build.0 = Release|Win32
		{CC9D4B20-C64D-4EB7-A1AC-C5942E891E3B}.Debug|x64.ActiveCfg = Debug|x64
		{CC9D4B20-C64D-4EB7-A1AC-C5942E891E3B}.Debug|x64.Build.0 = Debug|x64
		{CC9D4B20-C64D-4EB7-A1AC-C5942E891E3B}.Debug|x86.ActiveCfg = Debug|Win32
		{CC9D4B20-C64D-4EB7-A1AC-C5942E891E3B}.Debug|x86.Build.0 = Debug|Win32
		{CC9D4B20-C64D-4EB7-A1AC-C5942E891E3B}.Release|x64.ActiveCfg = Release|x64
		{CC9D4B20-C64D-4EB7-A1AC-C5942E891E3B}.Release|x64.Build.0 = Release|x64
		{CC9D4B20-C64D-4EB7-A1AC-C5942E891E3B}.Release|x86.ActiveCfg = Release|Win32
		{CC9D4B20-C64D-4EB7-A1AC-C5942E891E3B}.Release|x86.Build.0 = Release|Win32
		{F337ABF9-98FE-448B-AB7A-2889BD25A836}.Debug|x64.ActiveCfg = Debug|x64
		{F337ABF9-98FE-448B-AB7A-2889BD25A836}.Debug|x64.Build.0 = Debug|x64
		{F337ABF9-98FE-448B-AB7A-2889BD25A836}.Debug|x86.ActiveCfg = Debug|Win32
		{F337ABF9-98FE-448B-AB7A-2889BD25A836}.Debug|x86.Build.0 = Debug|Win32
		{F337ABF9-98FE-448B-AB7A-2889BD25A836}.Release|x64.ActiveCfg = Release|x64
		{F337ABF9-98FE-448B-AB7A-2889BD25A836}.Release|x64.Build.0 = Release|x64
		{F337ABF9-98FE-448B-AB7A-2889BD25A836}.Release|x86.ActiveCfg = Release|Win32
		{F337ABF9-98FE-448B-AB7A-2889BD25A836}.Release|x86.Build.0 = Release|Win32
		{F941F2D0-7531-4255-B448-72FB6D151647}.Debug|x64.ActiveCfg = Debug|x64
		{F941F2D0-7531-4255-B448-72FB6D151647}.Debug|x64.Build.0 = Debug|x64
		{F941F2D0-7531-4255-B448-72FB6D151647}.Debug|x86.ActiveCfg = Debug|Win32
		{F941F2D0-7531-4255-B448-72FB6D151647}.Debug|x86.Build.0 = Debug|Win32
		{F941F2D0-7531-4255-B448-72FB6D151647}.Release|x64.ActiveCfg = Release|x64
		{F941F2D0-7531-4255-B448-72FB6D151647}.Release|x64.Build.0 = Release|x64
		{F941F2D0-7531-4255-B448-72FB6D151647}.Release|x86.ActiveCfg = Release|Win32
		{F941F2D0-7531-4255-B448-72FB6D151647}.Release|x86.Build.0 = Release|Win32
	EndGlobalSection
	GlobalSection(SolutionProperties) = preSolution
		HideSolutionNode = FALSE
	EndGlobalSection
	GlobalSection(ExtensibilityGlobals) = postSolution
		SolutionGuid = {4008E1F1-DDA9-408A-97AF-455FFB120ED2}
	EndGlobalSection
EndGlobal
